# This file is generated by running "yarn install" inside your project.
# Manual changes might be lost - proceed with caution!

__metadata:
  version: 10
  cacheKey: 10c0

"acme-berry-edge@workspace:.":
  version: 0.0.0-use.local
  resolution: "acme-berry-edge@workspace:."
  dependencies:
    acme-local-lib: "portal:./local-lib"
    is-alias: "npm:@sindresorhus/is@^7.0.1"
    left-pad-git: "left-pad/left-pad#ff8e7ba8b4122829cf66125ca8445cac7f073bce"
    ms: "npm:^2.1.3"
    typescript: "npm:^5.8.3"
  languageName: unknown
  linkType: soft

"acme-local-lib@portal:./local-lib::locator=acme-berry-edge%40workspace%3A.":
  version: 0.0.0-use.local
  resolution: "acme-local-lib@portal:./local-lib::locator=acme-berry-edge%40workspace%3A."
  languageName: node
  linkType: soft

"is-alias@npm:@sindresorhus/is@^7.0.1":
  version: 7.2.0
  resolution: "@sindresorhus/is@npm:7.2.0"
  checksum: 10c0/0040c17d7826414363f99f5d56077c200789d51e6dfe5542920bfb29ab3828ec0ebf2845e8bae796bee461debb646b5e4c0a623140131cf3143471e915b50b54
  languageName: node
  linkType: hard

"left-pad-git@left-pad/left-pad#ff8e7ba8b4122829cf66125ca8445cac7f073bce":
  version: 1.3.0
  resolution: "left-pad-git@https://github.com/left-pad/left-pad.git#commit=ff8e7ba8b4122829cf66125ca8445cac7f073bce"
  checksum: 10c0/cfc8afb1a1ace020b0f5eaef2cfae00b656fbf521a0fa78e85c033d6e7a9b7ddd62d6fca7d2b7b5e197f35440ae13dbb0eb8232cff531794e428144fa11b7077
  languageName: node
  linkType: hard

"ms@npm:^2.1.3":
  version: 2.1.3
  resolution: "ms@npm:2.1.3"
  checksum: 10c0/d924b57e7312b3b63ad21fc5b3dc0af5e78d61a1fc7cfb5457edaf26326bf62be5307cc87ffb6862ef1c2b33b0233cdb5d4f01c4c958cc0d660948b65a287a48
  languageName: node
  linkType: hard

"typescript@npm:^5.8.3":
  version: 5.9.3
  resolution: "typescript@npm:5.9.3"
  bin:
    tsc: bin/tsc
    tsserver: bin/tsserver
  checksum: 10c0/6bd7552ce39f97e711db5aa048f6f9995b53f1c52f7d8667c1abdc1700c68a76a308f579cd309ce6b53646deb4e9a1be7c813a93baaf0a28ccd536a30270e1c5
  languageName: node
  linkType: hard

"typescript@patch:typescript@npm%3A^5.8.3#optional!builtin<compat/typescript>":
  version: 5.9.3
  resolution: "typescript@patch:typescript@npm%3A5.9.3#optional!builtin<compat/typescript>::version=5.9.3&hash=5786d5"
  bin:
    tsc: bin/tsc
    tsserver: bin/tsserver
  checksum: 10c0/ad09fdf7a756814dce65bc60c1657b40d44451346858eea230e10f2e95a289d9183b6e32e5c11e95acc0ccc214b4f36289dcad4bf1886b0adb84d711d336a430
  languageName: node
  linkType: hard
