{
  "name": "acme-edge-cases",
  "version": "1.0.0",
  "lockfileVersion": 3,
  "requires": true,
  "packages": {
    "": {
      "name": "acme-edge-cases",
      "version": "1.0.0",
      "license": "Apache-2.0",
      "dependencies": {
        "acme-local-lib": "file:./local-lib",
        "debug": "^4.3.0",
        "is-alias": "npm:@sindresorhus/is@^7.0.1",
        "left-pad-git": "git+https://github.com/left-pad/left-pad.git#v1.3.0",
        "ms": "^2.1.3",
        "missing-from-lockfile": "^2.0.0",
        "@acme/internal-utils": "^4.1.0"
      },
      "devDependencies": {
        "has-flag": "^4.0.0"
      },
      "optionalDependencies": {
        "fsevents": "^2.3.3"
      }
    },
    "local-lib": {
      "name": "acme-local-lib",
      "version": "0.3.0",
      "license": "MIT",
      "dependencies": {
        "ms": "^2.1.3"
      }
    },
    "node_modules/acme-local-lib": {
      "resolved": "local-lib",
      "link": true
    },
    "node_modules/debug": {
      "version": "4.4.3",
      "resolved": "https://registry.npmjs.org/debug/-/debug-4.4.3.tgz",
      "integrity": "sha512-RGwwWnwQvkVfavKVt22FGLw+xYSdzARwm0ru6DhTVA3umU5hZc28V3kO4stgYryrTlLpuvgI9GiijltAjNbcqA==",
      "license": "MIT",
      "dependencies": {
        "ms": "^2.1.3"
      },
      "engines": {
        "node": ">=6.0"
      },
      "peerDependenciesMeta": {
        "supports-color": {
          "optional": true
        }
      }
    },
    "node_modules/debug/node_modules/ms": {
      "version": "2.1.2",
      "resolved": "https://registry.npmjs.org/ms/-/ms-2.1.2.tgz",
      "integrity": "sha512-sGkPx+VjMtmA6MX27oA4FBFELFCZZ4S4XqeGOXCv68tT+jb3vk/RyaKWP0PTKyWtmLSM0b+adUTEvbs1PEaH2w==",
      "license": "MIT"
    },
    "node_modules/fsevents": {
      "version": "2.3.3",
      "resolved": "https://registry.npmjs.org/fsevents/-/fsevents-2.3.3.tgz",
      "integrity": "sha512-5xoDfX+fL7faATnagmWPpbFtwh/R77WmMMqqHGS65C3vvB0YHrgF+B1YmZ3441tMj5n63k0212XNoJwzlhffQw==",
      "hasInstallScript": true,
      "license": "MIT",
      "optional": true,
      "os": [
        "darwin"
      ],
      "engines": {
        "node": "^8.16.0 || ^10.6.0 || >=11.0.0"
      }
    },
    "node_modules/has-flag": {
      "version": "4.0.0",
      "resolved": "https://registry.npmjs.org/has-flag/-/has-flag-4.0.0.tgz",
      "integrity": "sha512-EykJT/Q1KjTWctppgIAgfSO0tKVuZUjhgMr17kqTumMl6Afv3EISleU7qZUzoXDFTAHTDC4NOoG/ZxU3EvlMPQ==",
      "dev": true,
      "license": "MIT",
      "engines": {
        "node": ">=8"
      }
    },
    "node_modules/is-alias": {
      "name": "@sindresorhus/is",
      "version": "7.2.0",
      "resolved": "https://registry.npmjs.org/@sindresorhus/is/-/is-7.2.0.tgz",
      "integrity": "sha512-P1Cz1dWaFfR4IR+U13mqqiGsLFf1KbayybWwdd2vfctdV6hDpUkgCY0nKOLLTMSoRd/jJNjtbqzf13K8DCCXQw==",
      "license": "MIT",
      "engines": {
        "node": ">=18"
      },
      "funding": {
        "url": "https://github.com/sindresorhus/is?sponsor=1"
      }
    },
    "node_modules/left-pad-git": {
      "name": "left-pad",
      "version": "1.3.0",
      "resolved": "git+ssh://git@github.com/left-pad/left-pad.git#ff8e7ba8b4122829cf66125ca8445cac7f073bce",
      "license": "WTFPL"
    },
    "node_modules/ms": {
      "version": "2.1.3",
      "resolved": "https://registry.npmjs.org/ms/-/ms-2.1.3.tgz",
      "integrity": "sha512-6FlzubTLZG3J2a/NVCAleEhjzq5oxgHyaCU9yYXvcLsvoVaHJq/s5xXI6/XXP6tz7R9xAOtHnSO/tXtF3WRTlA==",
      "license": "MIT"
    },
    "node_modules/bundler": {
      "version": "1.2.0",
      "resolved": "https://registry.npmjs.org/bundler/-/bundler-1.2.0.tgz",
      "integrity": "sha512-6FlzubTLZG3J2a/NVCAleEhjzq5oxgHyaCU9yYXvcLsvoVaHJq/s5xXI6/XXP6tz7R9xAOtHnSO/tXtF3WRTlA==",
      "license": "MIT",
      "bundleDependencies": [
        "bundled-inner"
      ],
      "dependencies": {
        "bundled-inner": "^3.0.0"
      }
    },
    "node_modules/bundler/node_modules/bundled-inner": {
      "version": "3.0.1",
      "inBundle": true,
      "license": "ISC"
    },
    "node_modules/@acme/internal-utils": {
      "version": "4.1.0",
      "resolved": "https://npm.internal.acme.example/@acme%2finternal-utils/-/internal-utils-4.1.0.tgz?token=s3cr3t",
      "integrity": "sha512-sGkPx+VjMtmA6MX27oA4FBFELFCZZ4S4XqeGOXCv68tT+jb3vk/RyaKWP0PTKyWtmLSM0b+adUTEvbs1PEaH2w==",
      "license": "SEE LICENSE IN LICENSE.txt"
    }
  }
}